
Microsoft Visual Studio Solution File, Format Version 12.00
# Visual Studio Version 17
VisualStudioVersion = 17.5.33414.496
MinimumVisualStudioVersion = 10.0.40219.1
Project("{9A19103F-16F7-4668-BE54-9A1E7A4F7556}") = "OnlineTest", "OnlineTest.csproj", "{1D0E74C2-7D93-4CCD-AC7C-AABC1EDE5E6E}"
EndProject
Project("{9A19103F-16F7-4668-BE54-9A1E7A4F7556}") = "OnlineTest.Models", "..\OnlineTest.Models\OnlineTest.Models.csproj", "{5EEE2B59-3568-4A48-909C-A1C7557C9A3B}"
EndProject
Project("{9A19103F-16F7-4668-BE54-9A1E7A4F7556}") = "OnlineTest.Services", "..\OnlineTest.Services\OnlineTest.Services.csproj", "{427C17BA-65DD-4C7F-8795-5C759C1356BF}"
EndProject
Global
	GlobalSection(SolutionConfigurationPlatforms) = preSolution
		Debug|Any CPU = Debug|Any CPU
		Release|Any CPU = Release|Any CPU
	EndGlobalSection
	GlobalSection(ProjectConfigurationPlatforms) = postSolution
		{1D0E74C2-7D93-4CCD-AC7C-AABC1EDE5E6E}.Debug|Any CPU.ActiveCfg = Debug|Any CPU
		{1D0E74C2-7D93-4CCD-AC7C-AABC1EDE5E6E}.Debug|Any CPU.Build.0 = Debug|Any CPU
		{1D0E74C2-7D93-4CCD-AC7C-AABC1EDE5E6E}.Release|Any CPU.ActiveCfg = Release|Any CPU
		{1D0E74C2-7D93-4CCD-AC7C-AABC1EDE5E6E}.Release|Any CPU.Build.0 = Release|Any CPU
		{5EEE2B59-3568-4A48-909C-A1C7557C9A3B}.Debug|Any CPU.ActiveCfg = Debug|Any CPU
		{5EEE2B59-3568-4A48-909C-A1C7557C9A3B}.Debug|Any CPU.Build.0 = Debug|Any CPU
		{5EEE2B59-3568-4A48-909C-A1C7557C9A3B}.Release|Any CPU.ActiveCfg = Release|Any CPU
		{5EEE2B59-3568-4A48-909C-A1C7557C9A3B}.Release|Any CPU.Build.0 = Release|Any CPU
		{427C17BA-65DD-4C7F-8795-5C759C1356BF}.Debug|Any CPU.ActiveCfg = Debug|Any CPU
		{427C17BA-65DD-4C7F-8795-5C759C1356BF}.Debug|Any CPU.Build.0 = Debug|Any CPU
		{427C17BA-65DD-4C7F-8795-5C759C1356BF}.Release|Any CPU.ActiveCfg = Release|Any CPU
		{427C17BA-65DD-4C7F-8795-5C759C1356BF}.Release|Any CPU.Build.0 = Release|Any CPU
	EndGlobalSection
	GlobalSection(SolutionProperties) = preSolution
		HideSolutionNode = FALSE
	EndGlobalSection
	GlobalSection(ExtensibilityGlobals) = postSolution
		SolutionGuid = {85AE5026-5DDB-4923-9B77-C7C091C97557}
	EndGlobalSection
EndGlobal
